
Microsoft Visual Studio Solution File, Format Version 12.00
# Visual Studio Version 17
VisualStudioVersion = 17.5.33424.131
MinimumVisualStudioVersion = 10.0.40219.1
Project("{FAE04EC0-301F-11D3-BF4B-00C04F79EFBC}") = "IntegorSharedAspHelpers", "IntegorSharedAspHelpers\IntegorSharedAspHelpers.csproj", "{40872431-E224-4F21-9925-1EEE6E4A5DB6}"
EndProject
Project("{FAE04EC0-301F-11D3-BF4B-00C04F79EFBC}") = "ExtensibleJwtAuthenticationTokensImplementations", "ExtensibleJwtAuthenticationTokensImplementations\ExtensibleJwtAuthenticationTokensImplementations.csproj", "{A19B5899-180C-4A9D-A722-241E84268B4F}"
EndProject
Global
	GlobalSection(SolutionConfigurationPlatforms) = preSolution
		Debug|Any CPU = Debug|Any CPU
		Release|Any CPU = Release|Any CPU
	EndGlobalSection
	GlobalSection(ProjectConfigurationPlatforms) = postSolution
		{40872431-E224-4F21-9925-1EEE6E4A5DB6}.Debug|Any CPU.ActiveCfg = Debug|Any CPU
		{40872431-E224-4F21-9925-1EEE6E4A5DB6}.Debug|Any CPU.Build.0 = Debug|Any CPU
		{40872431-E224-4F21-9925-1EEE6E4A5DB6}.Release|Any CPU.ActiveCfg = Release|Any CPU
		{40872431-E224-4F21-9925-1EEE6E4A5DB6}.Release|Any CPU.Build.0 = Release|Any CPU
		{A19B5899-180C-4A9D-A722-241E84268B4F}.Debug|Any CPU.ActiveCfg = Debug|Any CPU
		{A19B5899-180C-4A9D-A722-241E84268B4F}.Debug|Any CPU.Build.0 = Debug|Any CPU
		{A19B5899-180C-4A9D-A722-241E84268B4F}.Release|Any CPU.ActiveCfg = Release|Any CPU
		{A19B5899-180C-4A9D-A722-241E84268B4F}.Release|Any CPU.Build.0 = Release|Any CPU
	EndGlobalSection
	GlobalSection(SolutionProperties) = preSolution
		HideSolutionNode = FALSE
	EndGlobalSection
	GlobalSection(ExtensibilityGlobals) = postSolution
		SolutionGuid = {0A5D012F-D0EA-4CFE-B825-1A1B579EB636}
	EndGlobalSection
EndGlobal
